
Microsoft Visual Studio Solution File, Format Version 12.00
# Visual Studio 14
VisualStudioVersion = 14.0.25420.1
MinimumVisualStudioVersion = 10.0.40219.1
Project("{2150E333-8FDC-42A3-9474-1A3956D46DE8}") = "src", "src", "{14D62F39-DA27-4A6A-9355-A8EFB49FD951}"
EndProject
Project("{2150E333-8FDC-42A3-9474-1A3956D46DE8}") = "Solution Items", "Solution Items", "{741BC064-E63F-4CE2-9789-CE637B928268}"
	ProjectSection(SolutionItems) = preProject
		global.json = global.json
		tools\Key.snk = tools\Key.snk
		NuGet.config = NuGet.config
	EndProjectSection
EndProject
Project("{8BB2217D-0F2D-49D1-97BC-3654ED321F3B}") = "PrintDream.PrinterEmulator", "src\PrintDream.PrinterEmulator\PrintDream.PrinterEmulator.xproj", "{4018496A-9327-4D8B-8324-D7734849D271}"
EndProject
Global
	GlobalSection(SolutionConfigurationPlatforms) = preSolution
		Debug|Any CPU = Debug|Any CPU
		Release|Any CPU = Release|Any CPU
	EndGlobalSection
	GlobalSection(ProjectConfigurationPlatforms) = postSolution
		{4018496A-9327-4D8B-8324-D7734849D271}.Debug|Any CPU.ActiveCfg = Debug|Any CPU
		{4018496A-9327-4D8B-8324-D7734849D271}.Debug|Any CPU.Build.0 = Debug|Any CPU
		{4018496A-9327-4D8B-8324-D7734849D271}.Release|Any CPU.ActiveCfg = Release|Any CPU
		{4018496A-9327-4D8B-8324-D7734849D271}.Release|Any CPU.Build.0 = Release|Any CPU
	EndGlobalSection
	GlobalSection(SolutionProperties) = preSolution
		HideSolutionNode = FALSE
	EndGlobalSection
	GlobalSection(NestedProjects) = preSolution
		{4018496A-9327-4D8B-8324-D7734849D271} = {14D62F39-DA27-4A6A-9355-A8EFB49FD951}
	EndGlobalSection
EndGlobal
